<?xml version="1.0" encoding="utf-8"?>
<Project ToolsVersion="4.0" xmlns="http://schemas.microsoft.com/developer/msbuild/2003">
  <ItemGroup>
    <ClCompile Include="adams_solution.cpp" />
    <ClCompile Include="export.cpp" />
    <ClCompile Include="form_factors.cpp" />
    <ClCompile Include="import.cpp" />
    <ClCompile Include="main.cpp" />
    <ClCompile Include="ray_casting.cpp" />
    <ClCompile Include="triangle_math.cpp" />
    <ClCompile Include="mesh_graph.cpp" />
  </ItemGroup>
</Project>