
Microsoft Visual Studio Solution File, Format Version 12.00
# Visual Studio 2013
VisualStudioVersion = 12.0.40629.0
MinimumVisualStudioVersion = 10.0.40219.1
Project("{8BC9CEB8-8B4A-11D0-8D11-00A0C91BC942}") = "test", "test\test.vcxproj", "{0C15E81E-9F1A-4AEE-AF3B-5C77C77846C0}"
	ProjectSection(ProjectDependencies) = postProject
		{4E98BD4E-BEB6-4886-ADEC-BCE6F88936AF} = {4E98BD4E-BEB6-4886-ADEC-BCE6F88936AF}
		{0730886B-2DF9-40DC-914C-07E6A22AA7B4} = {0730886B-2DF9-40DC-914C-07E6A22AA7B4}
		{1EE5DE7F-60F6-4BB0-A5A0-B1A0A4D2C990} = {1EE5DE7F-60F6-4BB0-A5A0-B1A0A4D2C990}
		{F0A247A1-A9ED-4AC4-A7FA-A1FE0154BAB6} = {F0A247A1-A9ED-4AC4-A7FA-A1FE0154BAB6}
		{21DB25D4-85E4-48E2-86A2-AC228605E760} = {21DB25D4-85E4-48E2-86A2-AC228605E760}
		{4DE00AF7-2632-4A7B-981A-9411663D4048} = {4DE00AF7-2632-4A7B-981A-9411663D4048}
	EndProjectSection
EndProject
Project("{8BC9CEB8-8B4A-11D0-8D11-00A0C91BC942}") = "gtest-md", "ext\gtest\msvc\gtest-md.vcxproj", "{C8F6C172-56F2-4E76-B5FA-C3B423B31BE8}"
EndProject
Project("{8BC9CEB8-8B4A-11D0-8D11-00A0C91BC942}") = "ray_caster", "ray_caster\ray_caster.vcxproj", "{0730886B-2DF9-40DC-914C-07E6A22AA7B4}"
EndProject
Project("{8BC9CEB8-8B4A-11D0-8D11-00A0C91BC942}") = "cudaRayCaster", "cudaRayCaster\cudaRayCaster.vcxproj", "{2BC5721E-F870-4A8D-9160-4139CF0A516B}"
EndProject
Project("{8BC9CEB8-8B4A-11D0-8D11-00A0C91BC942}") = "cpuRayCaster", "cpuRayCaster\cpuRayCaster.vcxproj", "{6DB47603-9CE5-4255-99E5-29AC7A1E655C}"
EndProject
Project("{8BC9CEB8-8B4A-11D0-8D11-00A0C91BC942}") = "cpuFactorsCalculator", "cpuFactorsCalculator\cpuFactorsCalculator.vcxproj", "{B45F4831-B73F-4F2D-B86A-00BD6835D5C8}"
EndProject
Project("{8BC9CEB8-8B4A-11D0-8D11-00A0C91BC942}") = "perfTest", "perfTest\perfTest.vcxproj", "{54E300ED-F757-4DF9-9BAB-447905C1DCEE}"
	ProjectSection(ProjectDependencies) = postProject
		{4E98BD4E-BEB6-4886-ADEC-BCE6F88936AF} = {4E98BD4E-BEB6-4886-ADEC-BCE6F88936AF}
		{1EE5DE7F-60F6-4BB0-A5A0-B1A0A4D2C990} = {1EE5DE7F-60F6-4BB0-A5A0-B1A0A4D2C990}
		{F0A247A1-A9ED-4AC4-A7FA-A1FE0154BAB6} = {F0A247A1-A9ED-4AC4-A7FA-A1FE0154BAB6}
		{A7FDCDB0-B23D-4BBA-BBCA-2F714A89205A} = {A7FDCDB0-B23D-4BBA-BBCA-2F714A89205A}
		{21DB25D4-85E4-48E2-86A2-AC228605E760} = {21DB25D4-85E4-48E2-86A2-AC228605E760}
		{4DE00AF7-2632-4A7B-981A-9411663D4048} = {4DE00AF7-2632-4A7B-981A-9411663D4048}
	EndProjectSection
EndProject
Project("{8BC9CEB8-8B4A-11D0-8D11-00A0C91BC942}") = "math", "math\math.vcxproj", "{4DE00AF7-2632-4A7B-981A-9411663D4048}"
EndProject
Project("{8BC9CEB8-8B4A-11D0-8D11-00A0C91BC942}") = "form_factors", "form_factors\form_factors.vcxproj", "{A7FDCDB0-B23D-4BBA-BBCA-2F714A89205A}"
EndProject
Project("{8BC9CEB8-8B4A-11D0-8D11-00A0C91BC942}") = "import_export", "import_export\import_export.vcxproj", "{01B5D59C-AD62-424B-8B03-727FB9118B82}"
EndProject
Project("{8BC9CEB8-8B4A-11D0-8D11-00A0C91BC942}") = "controller", "controller\controller.vcxproj", "{3CB1B48E-8376-418F-A148-6454D0C67023}"
	ProjectSection(ProjectDependencies) = postProject
		{6DB47603-9CE5-4255-99E5-29AC7A1E655C} = {6DB47603-9CE5-4255-99E5-29AC7A1E655C}
		{2BC5721E-F870-4A8D-9160-4139CF0A516B} = {2BC5721E-F870-4A8D-9160-4139CF0A516B}
		{B45F4831-B73F-4F2D-B86A-00BD6835D5C8} = {B45F4831-B73F-4F2D-B86A-00BD6835D5C8}
		{923E9D7C-CC1A-4A8B-85D9-34841E91ABFA} = {923E9D7C-CC1A-4A8B-85D9-34841E91ABFA}
		{A7FDCDB0-B23D-4BBA-BBCA-2F714A89205A} = {A7FDCDB0-B23D-4BBA-BBCA-2F714A89205A}
		{21DB25D4-85E4-48E2-86A2-AC228605E760} = {21DB25D4-85E4-48E2-86A2-AC228605E760}
		{4DE00AF7-2632-4A7B-981A-9411663D4048} = {4DE00AF7-2632-4A7B-981A-9411663D4048}
	EndProjectSection
EndProject
Project("{8BC9CEB8-8B4A-11D0-8D11-00A0C91BC942}") = "emission", "emission\emission.vcxproj", "{21DB25D4-85E4-48E2-86A2-AC228605E760}"
EndProject
Project("{8BC9CEB8-8B4A-11D0-8D11-00A0C91BC942}") = "cpu_emission", "cpu_emission\cpu_emission.vcxproj", "{923E9D7C-CC1A-4A8B-85D9-34841E91ABFA}"
EndProject
Project("{8BC9CEB8-8B4A-11D0-8D11-00A0C91BC942}") = "thermal_solution", "thermal_solution\thermal_solution.vcxproj", "{F0A247A1-A9ED-4AC4-A7FA-A1FE0154BAB6}"
EndProject
Project("{8BC9CEB8-8B4A-11D0-8D11-00A0C91BC942}") = "thermal_equation", "thermal_equation\thermal_equation.vcxproj", "{4E98BD4E-BEB6-4886-ADEC-BCE6F88936AF}"
EndProject
Project("{8BC9CEB8-8B4A-11D0-8D11-00A0C91BC942}") = "subject", "subject\subject.vcxproj", "{1EE5DE7F-60F6-4BB0-A5A0-B1A0A4D2C990}"
EndProject
Project("{8BC9CEB8-8B4A-11D0-8D11-00A0C91BC942}") = "runner", "runner\runner.vcxproj", "{22E80ED3-EB03-427D-8B95-0ACF06B1112A}"
EndProject
Global
	GlobalSection(SolutionConfigurationPlatforms) = preSolution
		Debug|ARM = Debug|ARM
		Debug|Mixed Platforms = Debug|Mixed Platforms
		Debug|Win32 = Debug|Win32
		Debug|x64 = Debug|x64
		Release|ARM = Release|ARM
		Release|Mixed Platforms = Release|Mixed Platforms
		Release|Win32 = Release|Win32
		Release|x64 = Release|x64
	EndGlobalSection
	GlobalSection(ProjectConfigurationPlatforms) = postSolution
		{0C15E81E-9F1A-4AEE-AF3B-5C77C77846C0}.Debug|ARM.ActiveCfg = Debug|Win32
		{0C15E81E-9F1A-4AEE-AF3B-5C77C77846C0}.Debug|Mixed Platforms.ActiveCfg = Debug|Win32
		{0C15E81E-9F1A-4AEE-AF3B-5C77C77846C0}.Debug|Mixed Platforms.Build.0 = Debug|Win32
		{0C15E81E-9F1A-4AEE-AF3B-5C77C77846C0}.Debug|Win32.ActiveCfg = Debug|Win32
		{0C15E81E-9F1A-4AEE-AF3B-5C77C77846C0}.Debug|Win32.Build.0 = Debug|Win32
		{0C15E81E-9F1A-4AEE-AF3B-5C77C77846C0}.Debug|x64.ActiveCfg = Debug|x64
		{0C15E81E-9F1A-4AEE-AF3B-5C77C77846C0}.Debug|x64.Build.0 = Debug|x64
		{0C15E81E-9F1A-4AEE-AF3B-5C77C77846C0}.Release|ARM.ActiveCfg = Release|Win32
		{0C15E81E-9F1A-4AEE-AF3B-5C77C77846C0}.Release|Mixed Platforms.ActiveCfg = Release|Win32
		{0C15E81E-9F1A-4AEE-AF3B-5C77C77846C0}.Release|Mixed Platforms.Build.0 = Release|Win32
		{0C15E81E-9F1A-4AEE-AF3B-5C77C77846C0}.Release|Win32.ActiveCfg = Release|Win32
		{0C15E81E-9F1A-4AEE-AF3B-5C77C77846C0}.Release|Win32.Build.0 = Release|Win32
		{0C15E81E-9F1A-4AEE-AF3B-5C77C77846C0}.Release|x64.ActiveCfg = Release|x64
		{0C15E81E-9F1A-4AEE-AF3B-5C77C77846C0}.Release|x64.Build.0 = Release|x64
		{C8F6C172-56F2-4E76-B5FA-C3B423B31BE8}.Debug|ARM.ActiveCfg = Debug|Win32
		{C8F6C172-56F2-4E76-B5FA-C3B423B31BE8}.Debug|Mixed Platforms.ActiveCfg = Debug|Win32
		{C8F6C172-56F2-4E76-B5FA-C3B423B31BE8}.Debug|Mixed Platforms.Build.0 = Debug|Win32
		{C8F6C172-56F2-4E76-B5FA-C3B423B31BE8}.Debug|Win32.ActiveCfg = Debug|Win32
		{C8F6C172-56F2-4E76-B5FA-C3B423B31BE8}.Debug|Win32.Build.0 = Debug|Win32
		{C8F6C172-56F2-4E76-B5FA-C3B423B31BE8}.Debug|x64.ActiveCfg = Debug|x64
		{C8F6C172-56F2-4E76-B5FA-C3B423B31BE8}.Debug|x64.Build.0 = Debug|x64
		{C8F6C172-56F2-4E76-B5FA-C3B423B31BE8}.Release|ARM.ActiveCfg = Release|Win32
		{C8F6C172-56F2-4E76-B5FA-C3B423B31BE8}.Release|Mixed Platforms.ActiveCfg = Release|Win32
		{C8F6C172-56F2-4E76-B5FA-C3B423B31BE8}.Release|Mixed Platforms.Build.0 = Release|Win32
		{C8F6C172-56F2-4E76-B5FA-C3B423B31BE8}.Release|Win32.ActiveCfg = Release|Win32
		{C8F6C172-56F2-4E76-B5FA-C3B423B31BE8}.Release|Win32.Build.0 = Release|Win32
		{C8F6C172-56F2-4E76-B5FA-C3B423B31BE8}.Release|x64.ActiveCfg = Release|x64
		{C8F6C172-56F2-4E76-B5FA-C3B423B31BE8}.Release|x64.Build.0 = Release|x64
		{0730886B-2DF9-40DC-914C-07E6A22AA7B4}.Debug|ARM.ActiveCfg = Debug|Win32
		{0730886B-2DF9-40DC-914C-07E6A22AA7B4}.Debug|Mixed Platforms.ActiveCfg = Debug|Win32
		{0730886B-2DF9-40DC-914C-07E6A22AA7B4}.Debug|Mixed Platforms.Build.0 = Debug|Win32
		{0730886B-2DF9-40DC-914C-07E6A22AA7B4}.Debug|Win32.ActiveCfg = Debug|Win32
		{0730886B-2DF9-40DC-914C-07E6A22AA7B4}.Debug|Win32.Build.0 = Debug|Win32
		{0730886B-2DF9-40DC-914C-07E6A22AA7B4}.Debug|x64.ActiveCfg = Debug|Win32
		{0730886B-2DF9-40DC-914C-07E6A22AA7B4}.Release|ARM.ActiveCfg = Release|Win32
		{0730886B-2DF9-40DC-914C-07E6A22AA7B4}.Release|Mixed Platforms.ActiveCfg = Release|Win32
		{0730886B-2DF9-40DC-914C-07E6A22AA7B4}.Release|Mixed Platforms.Build.0 = Release|Win32
		{0730886B-2DF9-40DC-914C-07E6A22AA7B4}.Release|Win32.ActiveCfg = Release|Win32
		{0730886B-2DF9-40DC-914C-07E6A22AA7B4}.Release|Win32.Build.0 = Release|Win32
		{0730886B-2DF9-40DC-914C-07E6A22AA7B4}.Release|x64.ActiveCfg = Release|x64
		{0730886B-2DF9-40DC-914C-07E6A22AA7B4}.Release|x64.Build.0 = Release|x64
		{2BC5721E-F870-4A8D-9160-4139CF0A516B}.Debug|ARM.ActiveCfg = Debug|Win32
		{2BC5721E-F870-4A8D-9160-4139CF0A516B}.Debug|Mixed Platforms.ActiveCfg = Debug|Win32
		{2BC5721E-F870-4A8D-9160-4139CF0A516B}.Debug|Mixed Platforms.Build.0 = Debug|Win32
		{2BC5721E-F870-4A8D-9160-4139CF0A516B}.Debug|Win32.ActiveCfg = Debug|Win32
		{2BC5721E-F870-4A8D-9160-4139CF0A516B}.Debug|Win32.Build.0 = Debug|Win32
		{2BC5721E-F870-4A8D-9160-4139CF0A516B}.Debug|x64.ActiveCfg = Debug|x64
		{2BC5721E-F870-4A8D-9160-4139CF0A516B}.Debug|x64.Build.0 = Debug|x64
		{2BC5721E-F870-4A8D-9160-4139CF0A516B}.Release|ARM.ActiveCfg = Release|Win32
		{2BC5721E-F870-4A8D-9160-4139CF0A516B}.Release|Mixed Platforms.ActiveCfg = Release|Win32
		{2BC5721E-F870-4A8D-9160-4139CF0A516B}.Release|Mixed Platforms.Build.0 = Release|Win32
		{2BC5721E-F870-4A8D-9160-4139CF0A516B}.Release|Win32.ActiveCfg = Release|Win32
		{2BC5721E-F870-4A8D-9160-4139CF0A516B}.Release|Win32.Build.0 = Release|Win32
		{2BC5721E-F870-4A8D-9160-4139CF0A516B}.Release|x64.ActiveCfg = Release|x64
		{2BC5721E-F870-4A8D-9160-4139CF0A516B}.Release|x64.Build.0 = Release|x64
		{6DB47603-9CE5-4255-99E5-29AC7A1E655C}.Debug|ARM.ActiveCfg = Debug|Win32
		{6DB47603-9CE5-4255-99E5-29AC7A1E655C}.Debug|Mixed Platforms.ActiveCfg = Debug|Win32
		{6DB47603-9CE5-4255-99E5-29AC7A1E655C}.Debug|Mixed Platforms.Build.0 = Debug|Win32
		{6DB47603-9CE5-4255-99E5-29AC7A1E655C}.Debug|Win32.ActiveCfg = Debug|Win32
		{6DB47603-9CE5-4255-99E5-29AC7A1E655C}.Debug|Win32.Build.0 = Debug|Win32
		{6DB47603-9CE5-4255-99E5-29AC7A1E655C}.Debug|x64.ActiveCfg = Debug|Win32
		{6DB47603-9CE5-4255-99E5-29AC7A1E655C}.Release|ARM.ActiveCfg = Release|Win32
		{6DB47603-9CE5-4255-99E5-29AC7A1E655C}.Release|Mixed Platforms.ActiveCfg = Release|Win32
		{6DB47603-9CE5-4255-99E5-29AC7A1E655C}.Release|Mixed Platforms.Build.0 = Release|Win32
		{6DB47603-9CE5-4255-99E5-29AC7A1E655C}.Release|Win32.ActiveCfg = Release|Win32
		{6DB47603-9CE5-4255-99E5-29AC7A1E655C}.Release|Win32.Build.0 = Release|Win32
		{6DB47603-9CE5-4255-99E5-29AC7A1E655C}.Release|x64.ActiveCfg = Release|x64
		{6DB47603-9CE5-4255-99E5-29AC7A1E655C}.Release|x64.Build.0 = Release|x64
		{B45F4831-B73F-4F2D-B86A-00BD6835D5C8}.Debug|ARM.ActiveCfg = Debug|Win32
		{B45F4831-B73F-4F2D-B86A-00BD6835D5C8}.Debug|Mixed Platforms.ActiveCfg = Debug|Win32
		{B45F4831-B73F-4F2D-B86A-00BD6835D5C8}.Debug|Mixed Platforms.Build.0 = Debug|Win32
		{B45F4831-B73F-4F2D-B86A-00BD6835D5C8}.Debug|Win32.ActiveCfg = Debug|Win32
		{B45F4831-B73F-4F2D-B86A-00BD6835D5C8}.Debug|Win32.Build.0 = Debug|Win32
		{B45F4831-B73F-4F2D-B86A-00BD6835D5C8}.Debug|x64.ActiveCfg = Debug|Win32
		{B45F4831-B73F-4F2D-B86A-00BD6835D5C8}.Release|ARM.ActiveCfg = Release|Win32
		{B45F4831-B73F-4F2D-B86A-00BD6835D5C8}.Release|Mixed Platforms.ActiveCfg = Release|Win32
		{B45F4831-B73F-4F2D-B86A-00BD6835D5C8}.Release|Mixed Platforms.Build.0 = Release|Win32
		{B45F4831-B73F-4F2D-B86A-00BD6835D5C8}.Release|Win32.ActiveCfg = Release|Win32
		{B45F4831-B73F-4F2D-B86A-00BD6835D5C8}.Release|Win32.Build.0 = Release|Win32
		{B45F4831-B73F-4F2D-B86A-00BD6835D5C8}.Release|x64.ActiveCfg = Release|x64
		{B45F4831-B73F-4F2D-B86A-00BD6835D5C8}.Release|x64.Build.0 = Release|x64
		{54E300ED-F757-4DF9-9BAB-447905C1DCEE}.Debug|ARM.ActiveCfg = Debug|Win32
		{54E300ED-F757-4DF9-9BAB-447905C1DCEE}.Debug|Mixed Platforms.ActiveCfg = Debug|Win32
		{54E300ED-F757-4DF9-9BAB-447905C1DCEE}.Debug|Mixed Platforms.Build.0 = Debug|Win32
		{54E300ED-F757-4DF9-9BAB-447905C1DCEE}.Debug|Win32.ActiveCfg = Debug|Win32
		{54E300ED-F757-4DF9-9BAB-447905C1DCEE}.Debug|Win32.Build.0 = Debug|Win32
		{54E300ED-F757-4DF9-9BAB-447905C1DCEE}.Debug|x64.ActiveCfg = Debug|Win32
		{54E300ED-F757-4DF9-9BAB-447905C1DCEE}.Release|ARM.ActiveCfg = Release|Win32
		{54E300ED-F757-4DF9-9BAB-447905C1DCEE}.Release|Mixed Platforms.ActiveCfg = Release|Win32
		{54E300ED-F757-4DF9-9BAB-447905C1DCEE}.Release|Mixed Platforms.Build.0 = Release|Win32
		{54E300ED-F757-4DF9-9BAB-447905C1DCEE}.Release|Win32.ActiveCfg = Release|Win32
		{54E300ED-F757-4DF9-9BAB-447905C1DCEE}.Release|Win32.Build.0 = Release|Win32
		{54E300ED-F757-4DF9-9BAB-447905C1DCEE}.Release|x64.ActiveCfg = Release|x64
		{54E300ED-F757-4DF9-9BAB-447905C1DCEE}.Release|x64.Build.0 = Release|x64
		{4DE00AF7-2632-4A7B-981A-9411663D4048}.Debug|ARM.ActiveCfg = Debug|Win32
		{4DE00AF7-2632-4A7B-981A-9411663D4048}.Debug|Mixed Platforms.ActiveCfg = Debug|Win32
		{4DE00AF7-2632-4A7B-981A-9411663D4048}.Debug|Mixed Platforms.Build.0 = Debug|Win32
		{4DE00AF7-2632-4A7B-981A-9411663D4048}.Debug|Win32.ActiveCfg = Debug|Win32
		{4DE00AF7-2632-4A7B-981A-9411663D4048}.Debug|Win32.Build.0 = Debug|Win32
		{4DE00AF7-2632-4A7B-981A-9411663D4048}.Debug|x64.ActiveCfg = Debug|Win32
		{4DE00AF7-2632-4A7B-981A-9411663D4048}.Release|ARM.ActiveCfg = Release|Win32
		{4DE00AF7-2632-4A7B-981A-9411663D4048}.Release|Mixed Platforms.ActiveCfg = Release|Win32
		{4DE00AF7-2632-4A7B-981A-9411663D4048}.Release|Mixed Platforms.Build.0 = Release|Win32
		{4DE00AF7-2632-4A7B-981A-9411663D4048}.Release|Win32.ActiveCfg = Release|Win32
		{4DE00AF7-2632-4A7B-981A-9411663D4048}.Release|Win32.Build.0 = Release|Win32
		{4DE00AF7-2632-4A7B-981A-9411663D4048}.Release|x64.ActiveCfg = Release|x64
		{4DE00AF7-2632-4A7B-981A-9411663D4048}.Release|x64.Build.0 = Release|x64
		{A7FDCDB0-B23D-4BBA-BBCA-2F714A89205A}.Debug|ARM.ActiveCfg = Debug|Win32
		{A7FDCDB0-B23D-4BBA-BBCA-2F714A89205A}.Debug|Mixed Platforms.ActiveCfg = Debug|Win32
		{A7FDCDB0-B23D-4BBA-BBCA-2F714A89205A}.Debug|Mixed Platforms.Build.0 = Debug|Win32
		{A7FDCDB0-B23D-4BBA-BBCA-2F714A89205A}.Debug|Win32.ActiveCfg = Debug|Win32
		{A7FDCDB0-B23D-4BBA-BBCA-2F714A89205A}.Debug|Win32.Build.0 = Debug|Win32
		{A7FDCDB0-B23D-4BBA-BBCA-2F714A89205A}.Debug|x64.ActiveCfg = Debug|Win32
		{A7FDCDB0-B23D-4BBA-BBCA-2F714A89205A}.Release|ARM.ActiveCfg = Release|Win32
		{A7FDCDB0-B23D-4BBA-BBCA-2F714A89205A}.Release|Mixed Platforms.ActiveCfg = Release|Win32
		{A7FDCDB0-B23D-4BBA-BBCA-2F714A89205A}.Release|Mixed Platforms.Build.0 = Release|Win32
		{A7FDCDB0-B23D-4BBA-BBCA-2F714A89205A}.Release|Win32.ActiveCfg = Release|Win32
		{A7FDCDB0-B23D-4BBA-BBCA-2F714A89205A}.Release|Win32.Build.0 = Release|Win32
		{A7FDCDB0-B23D-4BBA-BBCA-2F714A89205A}.Release|x64.ActiveCfg = Release|x64
		{A7FDCDB0-B23D-4BBA-BBCA-2F714A89205A}.Release|x64.Build.0 = Release|x64
		{01B5D59C-AD62-424B-8B03-727FB9118B82}.Debug|ARM.ActiveCfg = Debug|Win32
		{01B5D59C-AD62-424B-8B03-727FB9118B82}.Debug|Mixed Platforms.ActiveCfg = Debug|Win32
		{01B5D59C-AD62-424B-8B03-727FB9118B82}.Debug|Mixed Platforms.Build.0 = Debug|Win32
		{01B5D59C-AD62-424B-8B03-727FB9118B82}.Debug|Win32.ActiveCfg = Debug|Win32
		{01B5D59C-AD62-424B-8B03-727FB9118B82}.Debug|Win32.Build.0 = Debug|Win32
		{01B5D59C-AD62-424B-8B03-727FB9118B82}.Debug|x64.ActiveCfg = Debug|Win32
		{01B5D59C-AD62-424B-8B03-727FB9118B82}.Release|ARM.ActiveCfg = Release|Win32
		{01B5D59C-AD62-424B-8B03-727FB9118B82}.Release|Mixed Platforms.ActiveCfg = Release|Win32
		{01B5D59C-AD62-424B-8B03-727FB9118B82}.Release|Mixed Platforms.Build.0 = Release|Win32
		{01B5D59C-AD62-424B-8B03-727FB9118B82}.Release|Win32.ActiveCfg = Release|Win32
		{01B5D59C-AD62-424B-8B03-727FB9118B82}.Release|Win32.Build.0 = Release|Win32
		{01B5D59C-AD62-424B-8B03-727FB9118B82}.Release|x64.ActiveCfg = Release|x64
		{01B5D59C-AD62-424B-8B03-727FB9118B82}.Release|x64.Build.0 = Release|x64
		{3CB1B48E-8376-418F-A148-6454D0C67023}.Debug|ARM.ActiveCfg = Debug|Win32
		{3CB1B48E-8376-418F-A148-6454D0C67023}.Debug|Mixed Platforms.ActiveCfg = Debug|Win32
		{3CB1B48E-8376-418F-A148-6454D0C67023}.Debug|Mixed Platforms.Build.0 = Debug|Win32
		{3CB1B48E-8376-418F-A148-6454D0C67023}.Debug|Win32.ActiveCfg = Debug|Win32
		{3CB1B48E-8376-418F-A148-6454D0C67023}.Debug|Win32.Build.0 = Debug|Win32
		{3CB1B48E-8376-418F-A148-6454D0C67023}.Debug|x64.ActiveCfg = Debug|Win32
		{3CB1B48E-8376-418F-A148-6454D0C67023}.Release|ARM.ActiveCfg = Release|Win32
		{3CB1B48E-8376-418F-A148-6454D0C67023}.Release|Mixed Platforms.ActiveCfg = Release|Win32
		{3CB1B48E-8376-418F-A148-6454D0C67023}.Release|Mixed Platforms.Build.0 = Release|Win32
		{3CB1B48E-8376-418F-A148-6454D0C67023}.Release|Win32.ActiveCfg = Release|Win32
		{3CB1B48E-8376-418F-A148-6454D0C67023}.Release|Win32.Build.0 = Release|Win32
		{3CB1B48E-8376-418F-A148-6454D0C67023}.Release|x64.ActiveCfg = Release|x64
		{3CB1B48E-8376-418F-A148-6454D0C67023}.Release|x64.Build.0 = Release|x64
		{21DB25D4-85E4-48E2-86A2-AC228605E760}.Debug|ARM.ActiveCfg = Debug|Win32
		{21DB25D4-85E4-48E2-86A2-AC228605E760}.Debug|Mixed Platforms.ActiveCfg = Debug|Win32
		{21DB25D4-85E4-48E2-86A2-AC228605E760}.Debug|Mixed Platforms.Build.0 = Debug|Win32
		{21DB25D4-85E4-48E2-86A2-AC228605E760}.Debug|Win32.ActiveCfg = Debug|Win32
		{21DB25D4-85E4-48E2-86A2-AC228605E760}.Debug|Win32.Build.0 = Debug|Win32
		{21DB25D4-85E4-48E2-86A2-AC228605E760}.Debug|x64.ActiveCfg = Debug|Win32
		{21DB25D4-85E4-48E2-86A2-AC228605E760}.Release|ARM.ActiveCfg = Release|Win32
		{21DB25D4-85E4-48E2-86A2-AC228605E760}.Release|Mixed Platforms.ActiveCfg = Release|Win32
		{21DB25D4-85E4-48E2-86A2-AC228605E760}.Release|Mixed Platforms.Build.0 = Release|Win32
		{21DB25D4-85E4-48E2-86A2-AC228605E760}.Release|Win32.ActiveCfg = Release|Win32
		{21DB25D4-85E4-48E2-86A2-AC228605E760}.Release|Win32.Build.0 = Release|Win32
		{21DB25D4-85E4-48E2-86A2-AC228605E760}.Release|x64.ActiveCfg = Release|x64
		{21DB25D4-85E4-48E2-86A2-AC228605E760}.Release|x64.Build.0 = Release|x64
		{923E9D7C-CC1A-4A8B-85D9-34841E91ABFA}.Debug|ARM.ActiveCfg = Debug|Win32
		{923E9D7C-CC1A-4A8B-85D9-34841E91ABFA}.Debug|Mixed Platforms.ActiveCfg = Debug|Win32
		{923E9D7C-CC1A-4A8B-85D9-34841E91ABFA}.Debug|Mixed Platforms.Build.0 = Debug|Win32
		{923E9D7C-CC1A-4A8B-85D9-34841E91ABFA}.Debug|Win32.ActiveCfg = Debug|Win32
		{923E9D7C-CC1A-4A8B-85D9-34841E91ABFA}.Debug|Win32.Build.0 = Debug|Win32
		{923E9D7C-CC1A-4A8B-85D9-34841E91ABFA}.Debug|x64.ActiveCfg = Debug|Win32
		{923E9D7C-CC1A-4A8B-85D9-34841E91ABFA}.Release|ARM.ActiveCfg = Release|Win32
		{923E9D7C-CC1A-4A8B-85D9-34841E91ABFA}.Release|Mixed Platforms.ActiveCfg = Release|Win32
		{923E9D7C-CC1A-4A8B-85D9-34841E91ABFA}.Release|Mixed Platforms.Build.0 = Release|Win32
		{923E9D7C-CC1A-4A8B-85D9-34841E91ABFA}.Release|Win32.ActiveCfg = Release|Win32
		{923E9D7C-CC1A-4A8B-85D9-34841E91ABFA}.Release|Win32.Build.0 = Release|Win32
		{923E9D7C-CC1A-4A8B-85D9-34841E91ABFA}.Release|x64.ActiveCfg = Release|x64
		{923E9D7C-CC1A-4A8B-85D9-34841E91ABFA}.Release|x64.Build.0 = Release|x64
		{F0A247A1-A9ED-4AC4-A7FA-A1FE0154BAB6}.Debug|ARM.ActiveCfg = Debug|Win32
		{F0A247A1-A9ED-4AC4-A7FA-A1FE0154BAB6}.Debug|Mixed Platforms.ActiveCfg = Debug|Win32
		{F0A247A1-A9ED-4AC4-A7FA-A1FE0154BAB6}.Debug|Mixed Platforms.Build.0 = Debug|Win32
		{F0A247A1-A9ED-4AC4-A7FA-A1FE0154BAB6}.Debug|Win32.ActiveCfg = Debug|Win32
		{F0A247A1-A9ED-4AC4-A7FA-A1FE0154BAB6}.Debug|Win32.Build.0 = Debug|Win32
		{F0A247A1-A9ED-4AC4-A7FA-A1FE0154BAB6}.Debug|x64.ActiveCfg = Debug|Win32
		{F0A247A1-A9ED-4AC4-A7FA-A1FE0154BAB6}.Release|ARM.ActiveCfg = Release|Win32
		{F0A247A1-A9ED-4AC4-A7FA-A1FE0154BAB6}.Release|Mixed Platforms.ActiveCfg = Release|Win32
		{F0A247A1-A9ED-4AC4-A7FA-A1FE0154BAB6}.Release|Mixed Platforms.Build.0 = Release|Win32
		{F0A247A1-A9ED-4AC4-A7FA-A1FE0154BAB6}.Release|Win32.ActiveCfg = Release|Win32
		{F0A247A1-A9ED-4AC4-A7FA-A1FE0154BAB6}.Release|Win32.Build.0 = Release|Win32
		{F0A247A1-A9ED-4AC4-A7FA-A1FE0154BAB6}.Release|x64.ActiveCfg = Release|x64
		{F0A247A1-A9ED-4AC4-A7FA-A1FE0154BAB6}.Release|x64.Build.0 = Release|x64
		{4E98BD4E-BEB6-4886-ADEC-BCE6F88936AF}.Debug|ARM.ActiveCfg = Debug|Win32
		{4E98BD4E-BEB6-4886-ADEC-BCE6F88936AF}.Debug|Mixed Platforms.ActiveCfg = Debug|Win32
		{4E98BD4E-BEB6-4886-ADEC-BCE6F88936AF}.Debug|Mixed Platforms.Build.0 = Debug|Win32
		{4E98BD4E-BEB6-4886-ADEC-BCE6F88936AF}.Debug|Win32.ActiveCfg = Debug|Win32
		{4E98BD4E-BEB6-4886-ADEC-BCE6F88936AF}.Debug|Win32.Build.0 = Debug|Win32
		{4E98BD4E-BEB6-4886-ADEC-BCE6F88936AF}.Debug|x64.ActiveCfg = Debug|Win32
		{4E98BD4E-BEB6-4886-ADEC-BCE6F88936AF}.Release|ARM.ActiveCfg = Release|Win32
		{4E98BD4E-BEB6-4886-ADEC-BCE6F88936AF}.Release|Mixed Platforms.ActiveCfg = Release|Win32
		{4E98BD4E-BEB6-4886-ADEC-BCE6F88936AF}.Release|Mixed Platforms.Build.0 = Release|Win32
		{4E98BD4E-BEB6-4886-ADEC-BCE6F88936AF}.Release|Win32.ActiveCfg = Release|Win32
		{4E98BD4E-BEB6-4886-ADEC-BCE6F88936AF}.Release|Win32.Build.0 = Release|Win32
		{4E98BD4E-BEB6-4886-ADEC-BCE6F88936AF}.Release|x64.ActiveCfg = Release|x64
		{4E98BD4E-BEB6-4886-ADEC-BCE6F88936AF}.Release|x64.Build.0 = Release|x64
		{1EE5DE7F-60F6-4BB0-A5A0-B1A0A4D2C990}.Debug|ARM.ActiveCfg = Debug|Win32
		{1EE5DE7F-60F6-4BB0-A5A0-B1A0A4D2C990}.Debug|Mixed Platforms.ActiveCfg = Debug|Win32
		{1EE5DE7F-60F6-4BB0-A5A0-B1A0A4D2C990}.Debug|Mixed Platforms.Build.0 = Debug|Win32
		{1EE5DE7F-60F6-4BB0-A5A0-B1A0A4D2C990}.Debug|Win32.ActiveCfg = Debug|Win32
		{1EE5DE7F-60F6-4BB0-A5A0-B1A0A4D2C990}.Debug|Win32.Build.0 = Debug|Win32
		{1EE5DE7F-60F6-4BB0-A5A0-B1A0A4D2C990}.Debug|x64.ActiveCfg = Debug|Win32
		{1EE5DE7F-60F6-4BB0-A5A0-B1A0A4D2C990}.Release|ARM.ActiveCfg = Release|Win32
		{1EE5DE7F-60F6-4BB0-A5A0-B1A0A4D2C990}.Release|Mixed Platforms.ActiveCfg = Release|Win32
		{1EE5DE7F-60F6-4BB0-A5A0-B1A0A4D2C990}.Release|Mixed Platforms.Build.0 = Release|Win32
		{1EE5DE7F-60F6-4BB0-A5A0-B1A0A4D2C990}.Release|Win32.ActiveCfg = Release|Win32
		{1EE5DE7F-60F6-4BB0-A5A0-B1A0A4D2C990}.Release|Win32.Build.0 = Release|Win32
		{1EE5DE7F-60F6-4BB0-A5A0-B1A0A4D2C990}.Release|x64.ActiveCfg = Release|x64
		{1EE5DE7F-60F6-4BB0-A5A0-B1A0A4D2C990}.Release|x64.Build.0 = Release|x64
		{22E80ED3-EB03-427D-8B95-0ACF06B1112A}.Debug|ARM.ActiveCfg = Debug|Win32
		{22E80ED3-EB03-427D-8B95-0ACF06B1112A}.Debug|Mixed Platforms.ActiveCfg = Debug|Win32
		{22E80ED3-EB03-427D-8B95-0ACF06B1112A}.Debug|Mixed Platforms.Build.0 = Debug|Win32
		{22E80ED3-EB03-427D-8B95-0ACF06B1112A}.Debug|Win32.ActiveCfg = Debug|Win32
		{22E80ED3-EB03-427D-8B95-0ACF06B1112A}.Debug|Win32.Build.0 = Debug|Win32
		{22E80ED3-EB03-427D-8B95-0ACF06B1112A}.Debug|x64.ActiveCfg = Debug|Win32
		{22E80ED3-EB03-427D-8B95-0ACF06B1112A}.Release|ARM.ActiveCfg = Release|Win32
		{22E80ED3-EB03-427D-8B95-0ACF06B1112A}.Release|Mixed Platforms.ActiveCfg = Release|Win32
		{22E80ED3-EB03-427D-8B95-0ACF06B1112A}.Release|Mixed Platforms.Build.0 = Release|Win32
		{22E80ED3-EB03-427D-8B95-0ACF06B1112A}.Release|Win32.ActiveCfg = Release|Win32
		{22E80ED3-EB03-427D-8B95-0ACF06B1112A}.Release|Win32.Build.0 = Release|Win32
		{22E80ED3-EB03-427D-8B95-0ACF06B1112A}.Release|x64.ActiveCfg = Release|Win32
	EndGlobalSection
	GlobalSection(SolutionProperties) = preSolution
		HideSolutionNode = FALSE
	EndGlobalSection
EndGlobal
